Microsoft Visual Studio Solution File, Format Version 12.00
# Visual Studio 15
VisualStudioVersion = 15.0.26430.14
MinimumVisualStudioVersion = 10.0.40219.1
Project("{FAE04EC0-301F-11D3-BF4B-00C04F79EFBC}") = "SwaggerPetstoreOpenApi30.Standard", "SwaggerPetstoreOpenApi30.Standard/SwaggerPetstoreOpenApi30.Standard.csproj", "{d36aa27b-a824-4cd9-943b-7f36359999ff}"
EndProject
Global
    GlobalSection(SolutionConfigurationPlatforms) = preSolution
        Debug|Any CPU = Debug|Any CPU
        Release|Any CPU = Release|Any CPU
    EndGlobalSection
    GlobalSection(ProjectConfigurationPlatforms) = postSolution
        {d36aa27b-a824-4cd9-943b-7f36359999ff}.Debug|Any CPU.ActiveCfg = Debug|Any CPU
        {d36aa27b-a824-4cd9-943b-7f36359999ff}.Debug|Any CPU.Build.0 = Debug|Any CPU
        {d36aa27b-a824-4cd9-943b-7f36359999ff}.Release|Any CPU.ActiveCfg = Release|Any CPU
        {d36aa27b-a824-4cd9-943b-7f36359999ff}.Release|Any CPU.Build.0 = Release|Any CPU
    EndGlobalSection
    GlobalSection(SolutionProperties) = preSolution
        HideSolutionNode = FALSE
    EndGlobalSection
EndGlobal